
Microsoft Visual Studio Solution File, Format Version 12.00
# Visual Studio Version 17
VisualStudioVersion = 17.4.33213.308
MinimumVisualStudioVersion = 10.0.40219.1
Project("{FAE04EC0-301F-11D3-BF4B-00C04F79EFBC}") = "sigmanuts-webview2", "sigmanuts-webview2.csproj", "{3B29E7B6-03B6-489C-8335-157A067B833A}"
EndProject
Global
	GlobalSection(SolutionConfigurationPlatforms) = preSolution
		Debug|Any CPU = Debug|Any CPU
		Release|Any CPU = Release|Any CPU
	EndGlobalSection
	GlobalSection(ProjectConfigurationPlatforms) = postSolution
		{3B29E7B6-03B6-489C-8335-157A067B833A}.Debug|Any CPU.ActiveCfg = Debug|Any CPU
		{3B29E7B6-03B6-489C-8335-157A067B833A}.Debug|Any CPU.Build.0 = Debug|Any CPU
		{3B29E7B6-03B6-489C-8335-157A067B833A}.Release|Any CPU.ActiveCfg = Release|Any CPU
		{3B29E7B6-03B6-489C-8335-157A067B833A}.Release|Any CPU.Build.0 = Release|Any CPU
	EndGlobalSection
	GlobalSection(SolutionProperties) = preSolution
		HideSolutionNode = FALSE
	EndGlobalSection
	GlobalSection(ExtensibilityGlobals) = postSolution
		SolutionGuid = {5A69154E-F087-46A7-833D-FE7E988EE285}
	EndGlobalSection
EndGlobal
